
Microsoft Visual Studio Solution File, Format Version 12.00
# Visual Studio Version 17
VisualStudioVersion = 17.5.33502.453
MinimumVisualStudioVersion = 10.0.40219.1
Project("{FAE04EC0-301F-11D3-BF4B-00C04F79EFBC}") = "TP12", "TP12\TP12.csproj", "{698691CF-69E9-48B6-967F-6C73DD90A0DE}"
EndProject
Global
	GlobalSection(SolutionConfigurationPlatforms) = preSolution
		Debug|Any CPU = Debug|Any CPU
		Release|Any CPU = Release|Any CPU
	EndGlobalSection
	GlobalSection(ProjectConfigurationPlatforms) = postSolution
		{698691CF-69E9-48B6-967F-6C73DD90A0DE}.Debug|Any CPU.ActiveCfg = Debug|Any CPU
		{698691CF-69E9-48B6-967F-6C73DD90A0DE}.Debug|Any CPU.Build.0 = Debug|Any CPU
		{698691CF-69E9-48B6-967F-6C73DD90A0DE}.Release|Any CPU.ActiveCfg = Release|Any CPU
		{698691CF-69E9-48B6-967F-6C73DD90A0DE}.Release|Any CPU.Build.0 = Release|Any CPU
	EndGlobalSection
	GlobalSection(SolutionProperties) = preSolution
		HideSolutionNode = FALSE
	EndGlobalSection
	GlobalSection(ExtensibilityGlobals) = postSolution
		SolutionGuid = {A126E676-B99E-40EA-B15B-083C66D8A862}
	EndGlobalSection
EndGlobal
