
Microsoft Visual Studio Solution File, Format Version 12.00
# Visual Studio Version 17
VisualStudioVersion = 17.5.33502.453
MinimumVisualStudioVersion = 10.0.40219.1
Project("{FAE04EC0-301F-11D3-BF4B-00C04F79EFBC}") = "TP4-1", "TP4-1\TP4-1.csproj", "{405B8B6B-2524-459A-8F39-E7D2FCAAA838}"
EndProject
Global
	GlobalSection(SolutionConfigurationPlatforms) = preSolution
		Debug|Any CPU = Debug|Any CPU
		Release|Any CPU = Release|Any CPU
	EndGlobalSection
	GlobalSection(ProjectConfigurationPlatforms) = postSolution
		{405B8B6B-2524-459A-8F39-E7D2FCAAA838}.Debug|Any CPU.ActiveCfg = Debug|Any CPU
		{405B8B6B-2524-459A-8F39-E7D2FCAAA838}.Debug|Any CPU.Build.0 = Debug|Any CPU
		{405B8B6B-2524-459A-8F39-E7D2FCAAA838}.Release|Any CPU.ActiveCfg = Release|Any CPU
		{405B8B6B-2524-459A-8F39-E7D2FCAAA838}.Release|Any CPU.Build.0 = Release|Any CPU
	EndGlobalSection
	GlobalSection(SolutionProperties) = preSolution
		HideSolutionNode = FALSE
	EndGlobalSection
	GlobalSection(ExtensibilityGlobals) = postSolution
		SolutionGuid = {26789D68-C5C0-428C-8A17-7B6566549DF5}
	EndGlobalSection
EndGlobal
