
Microsoft Visual Studio Solution File, Format Version 12.00
# Visual Studio Version 17
VisualStudioVersion = 17.5.33502.453
MinimumVisualStudioVersion = 10.0.40219.1
Project("{FAE04EC0-301F-11D3-BF4B-00C04F79EFBC}") = "TP3-1", "TP3-1\TP3-1.csproj", "{E58DED38-370B-47AA-B477-C67F3F42EC8A}"
EndProject
Global
	GlobalSection(SolutionConfigurationPlatforms) = preSolution
		Debug|Any CPU = Debug|Any CPU
		Release|Any CPU = Release|Any CPU
	EndGlobalSection
	GlobalSection(ProjectConfigurationPlatforms) = postSolution
		{E58DED38-370B-47AA-B477-C67F3F42EC8A}.Debug|Any CPU.ActiveCfg = Debug|Any CPU
		{E58DED38-370B-47AA-B477-C67F3F42EC8A}.Debug|Any CPU.Build.0 = Debug|Any CPU
		{E58DED38-370B-47AA-B477-C67F3F42EC8A}.Release|Any CPU.ActiveCfg = Release|Any CPU
		{E58DED38-370B-47AA-B477-C67F3F42EC8A}.Release|Any CPU.Build.0 = Release|Any CPU
	EndGlobalSection
	GlobalSection(SolutionProperties) = preSolution
		HideSolutionNode = FALSE
	EndGlobalSection
	GlobalSection(ExtensibilityGlobals) = postSolution
		SolutionGuid = {6A06D6A9-8310-4DC7-B017-B7023282501D}
	EndGlobalSection
EndGlobal
