
Microsoft Visual Studio Solution File, Format Version 12.00
# Visual Studio Version 17
VisualStudioVersion = 17.5.33502.453
MinimumVisualStudioVersion = 10.0.40219.1
Project("{FAE04EC0-301F-11D3-BF4B-00C04F79EFBC}") = "TP8-1", "TP8-1\TP8-1.csproj", "{96645B20-A7C2-4877-9492-DE34BA16DAE1}"
EndProject
Global
	GlobalSection(SolutionConfigurationPlatforms) = preSolution
		Debug|Any CPU = Debug|Any CPU
		Release|Any CPU = Release|Any CPU
	EndGlobalSection
	GlobalSection(ProjectConfigurationPlatforms) = postSolution
		{96645B20-A7C2-4877-9492-DE34BA16DAE1}.Debug|Any CPU.ActiveCfg = Debug|Any CPU
		{96645B20-A7C2-4877-9492-DE34BA16DAE1}.Debug|Any CPU.Build.0 = Debug|Any CPU
		{96645B20-A7C2-4877-9492-DE34BA16DAE1}.Release|Any CPU.ActiveCfg = Release|Any CPU
		{96645B20-A7C2-4877-9492-DE34BA16DAE1}.Release|Any CPU.Build.0 = Release|Any CPU
	EndGlobalSection
	GlobalSection(SolutionProperties) = preSolution
		HideSolutionNode = FALSE
	EndGlobalSection
	GlobalSection(ExtensibilityGlobals) = postSolution
		SolutionGuid = {66783395-D0BF-45BA-B92E-5521AA57CA22}
	EndGlobalSection
EndGlobal
