
Microsoft Visual Studio Solution File, Format Version 12.00
# Visual Studio Version 17
VisualStudioVersion = 17.6.33723.286
MinimumVisualStudioVersion = 10.0.40219.1
Project("{FAE04EC0-301F-11D3-BF4B-00C04F79EFBC}") = "TP6", "TP6\TP6.csproj", "{3D9A9F48-5ACB-4B16-B645-ADD7608FFE1E}"
EndProject
Global
	GlobalSection(SolutionConfigurationPlatforms) = preSolution
		Debug|Any CPU = Debug|Any CPU
		Release|Any CPU = Release|Any CPU
	EndGlobalSection
	GlobalSection(ProjectConfigurationPlatforms) = postSolution
		{3D9A9F48-5ACB-4B16-B645-ADD7608FFE1E}.Debug|Any CPU.ActiveCfg = Debug|Any CPU
		{3D9A9F48-5ACB-4B16-B645-ADD7608FFE1E}.Debug|Any CPU.Build.0 = Debug|Any CPU
		{3D9A9F48-5ACB-4B16-B645-ADD7608FFE1E}.Release|Any CPU.ActiveCfg = Release|Any CPU
		{3D9A9F48-5ACB-4B16-B645-ADD7608FFE1E}.Release|Any CPU.Build.0 = Release|Any CPU
	EndGlobalSection
	GlobalSection(SolutionProperties) = preSolution
		HideSolutionNode = FALSE
	EndGlobalSection
	GlobalSection(ExtensibilityGlobals) = postSolution
		SolutionGuid = {8333A75C-C9CD-4FF6-86E2-65208C902154}
	EndGlobalSection
EndGlobal
