
Microsoft Visual Studio Solution File, Format Version 12.00
# Visual Studio Version 17
VisualStudioVersion = 17.5.33502.453
MinimumVisualStudioVersion = 10.0.40219.1
Project("{FAE04EC0-301F-11D3-BF4B-00C04F79EFBC}") = "TP5", "TP5\TP5.csproj", "{23EB05A6-1AB6-45D2-9CA8-81A009A80933}"
EndProject
Global
	GlobalSection(SolutionConfigurationPlatforms) = preSolution
		Debug|Any CPU = Debug|Any CPU
		Release|Any CPU = Release|Any CPU
	EndGlobalSection
	GlobalSection(ProjectConfigurationPlatforms) = postSolution
		{23EB05A6-1AB6-45D2-9CA8-81A009A80933}.Debug|Any CPU.ActiveCfg = Debug|Any CPU
		{23EB05A6-1AB6-45D2-9CA8-81A009A80933}.Debug|Any CPU.Build.0 = Debug|Any CPU
		{23EB05A6-1AB6-45D2-9CA8-81A009A80933}.Release|Any CPU.ActiveCfg = Release|Any CPU
		{23EB05A6-1AB6-45D2-9CA8-81A009A80933}.Release|Any CPU.Build.0 = Release|Any CPU
	EndGlobalSection
	GlobalSection(SolutionProperties) = preSolution
		HideSolutionNode = FALSE
	EndGlobalSection
	GlobalSection(ExtensibilityGlobals) = postSolution
		SolutionGuid = {C07D4731-BCCD-4A06-B017-5423EFD48677}
	EndGlobalSection
EndGlobal
